# This file is autogenerated, do not edit; changes may be undone by the next 'dep ensure'.


[[projects]]
  name = "github.com/aws/aws-lambda-go"
  packages = [
    "events",
    "lambda",
    "lambda/messages",
    "lambdacontext"
  ]
  revision = "fafa7e49388b8991caf99308e80655ba91816b72"
  version = "v1.1.0"

[[projects]]
  name = "github.com/aws/aws-sdk-go"
  packages = [
    "aws",
    "aws/awserr",
    "aws/awsutil",
    "aws/client",
    "aws/client/metadata",
    "aws/corehandlers",
    "aws/credentials",
    "aws/credentials/ec2rolecreds",
    "aws/credentials/endpointcreds",
    "aws/credentials/stscreds",
    "aws/defaults",
    "aws/ec2metadata",
    "aws/endpoints",
    "aws/request",
    "aws/session",
    "aws/signer/v4",
    "internal/sdkio",
    "internal/sdkrand",
    "internal/shareddefaults",
    "private/protocol",
    "private/protocol/json/jsonutil",
    "private/protocol/jsonrpc",
    "private/protocol/query",
    "private/protocol/query/queryutil",
    "private/protocol/rest",
    "private/protocol/restxml",
    "private/protocol/xml/xmlutil",
    "service/dynamodb",
    "service/dynamodb/dynamodbattribute",
    "service/kms",
    "service/s3",
    "service/sts"
  ]
  revision = "74ca63959be8b9a9a24cd86eaaea8bf99de8022d"
  version = "v1.13.25"

[[projects]]
  name = "github.com/go-chi/chi"
  packages = [
    ".",
    "middleware"
  ]
  revision = "e83ac2304db3c50cf03d96a2fcd39009d458bc35"
  version = "v3.3.2"

[[projects]]
  name = "github.com/go-ini/ini"
  packages = ["."]
  revision = "6333e38ac20b8949a8dd68baa3650f4dee8f39f0"
  version = "v1.33.0"

[[projects]]
  name = "github.com/go-stack/stack"
  packages = ["."]
  revision = "259ab82a6cad3992b4e21ff5cac294ccb06474bc"
  version = "v1.7.0"

[[projects]]
  name = "github.com/golang/protobuf"
  packages = ["proto"]
  revision = "925541529c1fa6821df4e44ce2723319eb2be768"
  version = "v1.0.0"

[[projects]]
  name = "github.com/gorilla/context"
  packages = ["."]
  revision = "1ea25387ff6f684839d82767c1733ff4d4d15d0a"
  version = "v1.1"

[[projects]]
  name = "github.com/gorilla/securecookie"
  packages = ["."]
  revision = "e59506cc896acb7f7bf732d4fdf5e25f7ccd8983"
  version = "v1.1.1"

[[projects]]
  name = "github.com/gorilla/sessions"
  packages = ["."]
  revision = "ca9ada44574153444b00d3fd9c8559e4cc95f896"
  version = "v1.1"

[[projects]]
  branch = "master"
  name = "github.com/hashicorp/hcl"
  packages = [
    ".",
    "hcl/ast",
    "hcl/parser",
    "hcl/scanner",
    "hcl/strconv",
    "hcl/token",
    "json/parser",
    "json/scanner",
    "json/token"
  ]
  revision = "f40e974e75af4e271d97ce0fc917af5898ae7bda"

[[projects]]
  name = "github.com/jjeffery/apigatewayproxy"
  packages = ["."]
  revision = "ed9fb92f4a6009912032eab5c4affe1b096809a6"
  version = "v1.0.1"

[[projects]]
  name = "github.com/jjeffery/errkind"
  packages = ["."]
  revision = "d8a115ef2586174662a6147f7ee11a8b892b418d"
  version = "v1.0"

[[projects]]
  name = "github.com/jjeffery/errors"
  packages = ["."]
  revision = "4f39c4610ac98f897f2dbc6a4a4b89aa86bcf45b"
  version = "v1.0.2"

[[projects]]
  branch = "master"
  name = "github.com/jjeffery/hclconfig"
  packages = [
    ".",
    "amzn",
    "astcrypt",
    "download",
    "encryption"
  ]
  revision = "da75f93f2c21ac60de0cd486826034ac44bd0736"

[[projects]]
  branch = "master"
  name = "github.com/jjeffery/httpapi"
  packages = [
    ".",
    "writeerror"
  ]
  revision = "e2e4cd9b204f041b758df4fac49f3aa61f22c12e"

[[projects]]
  name = "github.com/jjeffery/kv"
  packages = ["."]
  revision = "e16ed12583c8a365f8ae714c7564eeef173447dc"
  version = "v1.0"

[[projects]]
  name = "github.com/jjeffery/shutdown"
  packages = ["."]
  revision = "c86325bb5100a9810a5858a2f9149fdb7e1d4fdb"
  version = "v1.0"

[[projects]]
  name = "github.com/jjeffery/stringset"
  packages = ["."]
  revision = "5717ffa3d2fa33f563febdef2e742f9f78d39454"
  version = "v1.0"

[[projects]]
  name = "github.com/jmespath/go-jmespath"
  packages = ["."]
  revision = "0b12d6b5"

[[projects]]
  name = "github.com/pkg/errors"
  packages = ["."]
  revision = "645ef00459ed84a119197bfb8d8205042c6df63d"
  version = "v0.8.0"

[[projects]]
  branch = "master"
  name = "github.com/spkg/local"
  packages = ["."]
  revision = "1355a9e1ee2530304c3546424d860f389f0ac202"

[[projects]]
  branch = "master"
  name = "golang.org/x/crypto"
  packages = ["hkdf"]
  revision = "12892e8c234f4fe6f6803f052061de9057903bb2"

[[projects]]
  branch = "master"
  name = "golang.org/x/net"
  packages = [
    "context",
    "context/ctxhttp"
  ]
  revision = "b68f30494add4df6bd8ef5e82803f308e7f7c59c"

[[projects]]
  branch = "master"
  name = "golang.org/x/oauth2"
  packages = [
    ".",
    "internal"
  ]
  revision = "fdc9e635145ae97e6c2cb777c48305600cf515cb"

[[projects]]
  name = "google.golang.org/appengine"
  packages = [
    "internal",
    "internal/base",
    "internal/datastore",
    "internal/log",
    "internal/remote_api",
    "internal/urlfetch",
    "urlfetch"
  ]
  revision = "150dc57a1b433e64154302bdc40b6bb8aefa313a"
  version = "v1.0.0"

[solve-meta]
  analyzer-name = "dep"
  analyzer-version = 1
  inputs-digest = "b8e93d21d6fe922b536cd8c605308ab4908998414837783a203a102c0bd7cbee"
  solver-name = "gps-cdcl"
  solver-version = 1
